
Microsoft Visual Studio Solution File, Format Version 12.00
# Visual Studio Version 16
VisualStudioVersion = 16.0.30523.141
MinimumVisualStudioVersion = 10.0.40219.1
Project("{FAE04EC0-301F-11D3-BF4B-00C04F79EFBC}") = "Service Project", "Service Project\Service Project.csproj", "{16E1F23C-ED5A-440D-8424-2BCDE5E8852A}"
EndProject
Global
	GlobalSection(SolutionConfigurationPlatforms) = preSolution
		Debug|Any CPU = Debug|Any CPU
		Release|Any CPU = Release|Any CPU
	EndGlobalSection
	GlobalSection(ProjectConfigurationPlatforms) = postSolution
		{16E1F23C-ED5A-440D-8424-2BCDE5E8852A}.Debug|Any CPU.ActiveCfg = Debug|Any CPU
		{16E1F23C-ED5A-440D-8424-2BCDE5E8852A}.Debug|Any CPU.Build.0 = Debug|Any CPU
		{16E1F23C-ED5A-440D-8424-2BCDE5E8852A}.Release|Any CPU.ActiveCfg = Release|Any CPU
		{16E1F23C-ED5A-440D-8424-2BCDE5E8852A}.Release|Any CPU.Build.0 = Release|Any CPU
	EndGlobalSection
	GlobalSection(SolutionProperties) = preSolution
		HideSolutionNode = FALSE
	EndGlobalSection
	GlobalSection(ExtensibilityGlobals) = postSolution
		SolutionGuid = {E1277C6C-2BEF-4C04-B6BF-0864A152C12D}
	EndGlobalSection
EndGlobal
